
Microsoft Visual Studio Solution File, Format Version 12.00
# Visual Studio Version 17
VisualStudioVersion = 17.2.32630.192
MinimumVisualStudioVersion = 10.0.40219.1
Project("{FAE04EC0-301F-11D3-BF4B-00C04F79EFBC}") = "SQLiteWithBlazor", "SQLiteWithBlazor\SQLiteWithBlazor.csproj", "{75769917-8727-4492-BD32-2E8F88A1CE1F}"
EndProject
Global
	GlobalSection(SolutionConfigurationPlatforms) = preSolution
		Debug|Any CPU = Debug|Any CPU
		Release|Any CPU = Release|Any CPU
	EndGlobalSection
	GlobalSection(ProjectConfigurationPlatforms) = postSolution
		{75769917-8727-4492-BD32-2E8F88A1CE1F}.Debug|Any CPU.ActiveCfg = Debug|Any CPU
		{75769917-8727-4492-BD32-2E8F88A1CE1F}.Debug|Any CPU.Build.0 = Debug|Any CPU
		{75769917-8727-4492-BD32-2E8F88A1CE1F}.Release|Any CPU.ActiveCfg = Release|Any CPU
		{75769917-8727-4492-BD32-2E8F88A1CE1F}.Release|Any CPU.Build.0 = Release|Any CPU
	EndGlobalSection
	GlobalSection(SolutionProperties) = preSolution
		HideSolutionNode = FALSE
	EndGlobalSection
	GlobalSection(ExtensibilityGlobals) = postSolution
		SolutionGuid = {BADBF7AB-9133-4F7B-8679-889E1B563762}
	EndGlobalSection
EndGlobal
